
Microsoft Visual Studio Solution File, Format Version 12.00
# Visual Studio Version 17
VisualStudioVersion = 17.4.33122.133
MinimumVisualStudioVersion = 10.0.40219.1
Project("{FAE04EC0-301F-11D3-BF4B-00C04F79EFBC}") = "Variables", "Variables\Variables.csproj", "{E9CCA595-83DB-497A-A1CC-60BFAC669216}"
EndProject
Global
	GlobalSection(SolutionConfigurationPlatforms) = preSolution
		Debug|Any CPU = Debug|Any CPU
		Release|Any CPU = Release|Any CPU
	EndGlobalSection
	GlobalSection(ProjectConfigurationPlatforms) = postSolution
		{E9CCA595-83DB-497A-A1CC-60BFAC669216}.Debug|Any CPU.ActiveCfg = Debug|Any CPU
		{E9CCA595-83DB-497A-A1CC-60BFAC669216}.Debug|Any CPU.Build.0 = Debug|Any CPU
		{E9CCA595-83DB-497A-A1CC-60BFAC669216}.Release|Any CPU.ActiveCfg = Release|Any CPU
		{E9CCA595-83DB-497A-A1CC-60BFAC669216}.Release|Any CPU.Build.0 = Release|Any CPU
	EndGlobalSection
	GlobalSection(SolutionProperties) = preSolution
		HideSolutionNode = FALSE
	EndGlobalSection
	GlobalSection(ExtensibilityGlobals) = postSolution
		SolutionGuid = {0BB787D5-BB8D-4FF0-9ECB-F90C577C8978}
	EndGlobalSection
EndGlobal
